
Microsoft Visual Studio Solution File, Format Version 12.00
# Visual Studio Version 17
VisualStudioVersion = 17.0.31912.275
MinimumVisualStudioVersion = 10.0.40219.1
Project("{9A19103F-16F7-4668-BE54-9A1E7A4F7556}") = "Shopping.Application", "Shopping.Application\Shopping.Application.csproj", "{519BF75B-E5E3-4A21-AB50-7099B795AF5C}"
EndProject
Project("{FAE04EC0-301F-11D3-BF4B-00C04F79EFBC}") = "Shopping.Domain", "Shopping.Domain\Shopping.Domain.csproj", "{707FD7D6-C1D8-4EDE-ABD7-F4261FEBA2F1}"
EndProject
Project("{FAE04EC0-301F-11D3-BF4B-00C04F79EFBC}") = "Shopping.Infrastructure", "Shopping.Infrastructure\Shopping.Infrastructure.csproj", "{B424F412-D56B-4EA9-ABD9-CCD9CF9EDD72}"
EndProject
Project("{FAE04EC0-301F-11D3-BF4B-00C04F79EFBC}") = "Shopping.Specs", "..\tests\Shopping.Specs\Shopping.Specs.csproj", "{10CBEF28-3AF2-406B-9B34-367553070A89}"
EndProject
Project("{FAE04EC0-301F-11D3-BF4B-00C04F79EFBC}") = "Shopping.Tests", "..\tests\Shopping.Tests\Shopping.Tests.csproj", "{76CCD53F-DE5D-4D0F-B5C7-E5FC4D7DE552}"
EndProject
Global
	GlobalSection(SolutionConfigurationPlatforms) = preSolution
		Debug|Any CPU = Debug|Any CPU
		Release|Any CPU = Release|Any CPU
	EndGlobalSection
	GlobalSection(ProjectConfigurationPlatforms) = postSolution
		{519BF75B-E5E3-4A21-AB50-7099B795AF5C}.Debug|Any CPU.ActiveCfg = Debug|Any CPU
		{519BF75B-E5E3-4A21-AB50-7099B795AF5C}.Debug|Any CPU.Build.0 = Debug|Any CPU
		{519BF75B-E5E3-4A21-AB50-7099B795AF5C}.Release|Any CPU.ActiveCfg = Release|Any CPU
		{519BF75B-E5E3-4A21-AB50-7099B795AF5C}.Release|Any CPU.Build.0 = Release|Any CPU
		{707FD7D6-C1D8-4EDE-ABD7-F4261FEBA2F1}.Debug|Any CPU.ActiveCfg = Debug|Any CPU
		{707FD7D6-C1D8-4EDE-ABD7-F4261FEBA2F1}.Debug|Any CPU.Build.0 = Debug|Any CPU
		{707FD7D6-C1D8-4EDE-ABD7-F4261FEBA2F1}.Release|Any CPU.ActiveCfg = Release|Any CPU
		{707FD7D6-C1D8-4EDE-ABD7-F4261FEBA2F1}.Release|Any CPU.Build.0 = Release|Any CPU
		{B424F412-D56B-4EA9-ABD9-CCD9CF9EDD72}.Debug|Any CPU.ActiveCfg = Debug|Any CPU
		{B424F412-D56B-4EA9-ABD9-CCD9CF9EDD72}.Debug|Any CPU.Build.0 = Debug|Any CPU
		{B424F412-D56B-4EA9-ABD9-CCD9CF9EDD72}.Release|Any CPU.ActiveCfg = Release|Any CPU
		{B424F412-D56B-4EA9-ABD9-CCD9CF9EDD72}.Release|Any CPU.Build.0 = Release|Any CPU
		{10CBEF28-3AF2-406B-9B34-367553070A89}.Debug|Any CPU.ActiveCfg = Debug|Any CPU
		{10CBEF28-3AF2-406B-9B34-367553070A89}.Debug|Any CPU.Build.0 = Debug|Any CPU
		{10CBEF28-3AF2-406B-9B34-367553070A89}.Release|Any CPU.ActiveCfg = Release|Any CPU
		{10CBEF28-3AF2-406B-9B34-367553070A89}.Release|Any CPU.Build.0 = Release|Any CPU
		{76CCD53F-DE5D-4D0F-B5C7-E5FC4D7DE552}.Debug|Any CPU.ActiveCfg = Debug|Any CPU
		{76CCD53F-DE5D-4D0F-B5C7-E5FC4D7DE552}.Debug|Any CPU.Build.0 = Debug|Any CPU
		{76CCD53F-DE5D-4D0F-B5C7-E5FC4D7DE552}.Release|Any CPU.ActiveCfg = Release|Any CPU
		{76CCD53F-DE5D-4D0F-B5C7-E5FC4D7DE552}.Release|Any CPU.Build.0 = Release|Any CPU
	EndGlobalSection
	GlobalSection(SolutionProperties) = preSolution
		HideSolutionNode = FALSE
	EndGlobalSection
	GlobalSection(ExtensibilityGlobals) = postSolution
		SolutionGuid = {39E53A06-0667-4E32-8C5F-CE2145A5246A}
	EndGlobalSection
EndGlobal
